
Microsoft Visual Studio Solution File, Format Version 12.00
# Visual Studio Version 17
VisualStudioVersion = 17.11.35222.181
MinimumVisualStudioVersion = 10.0.40219.1
Project("{FAE04EC0-301F-11D3-BF4B-00C04F79EFBC}") = "ZeroZeroOne", "ZeroZeroOne\ZeroZeroOne.csproj", "{146DAB35-557C-4FC6-B642-18CC67A29C29}"
EndProject
Global
	GlobalSection(SolutionConfigurationPlatforms) = preSolution
		Debug|Any CPU = Debug|Any CPU
		Release|Any CPU = Release|Any CPU
	EndGlobalSection
	GlobalSection(ProjectConfigurationPlatforms) = postSolution
		{146DAB35-557C-4FC6-B642-18CC67A29C29}.Debug|Any CPU.ActiveCfg = Debug|Any CPU
		{146DAB35-557C-4FC6-B642-18CC67A29C29}.Debug|Any CPU.Build.0 = Debug|Any CPU
		{146DAB35-557C-4FC6-B642-18CC67A29C29}.Release|Any CPU.ActiveCfg = Release|Any CPU
		{146DAB35-557C-4FC6-B642-18CC67A29C29}.Release|Any CPU.Build.0 = Release|Any CPU
	EndGlobalSection
	GlobalSection(SolutionProperties) = preSolution
		HideSolutionNode = FALSE
	EndGlobalSection
	GlobalSection(ExtensibilityGlobals) = postSolution
		SolutionGuid = {CC3B3B68-BEF1-493A-A041-13024C8E53C3}
	EndGlobalSection
EndGlobal
